
Microsoft Visual Studio Solution File, Format Version 12.00
# Visual Studio 15
VisualStudioVersion = 15.0.27703.2026
MinimumVisualStudioVersion = 10.0.40219.1
Project("{FAE04EC0-301F-11D3-BF4B-00C04F79EFBC}") = "WindowsFormsApp1", "WindowsFormsApp1.csproj", "{FF1E855C-DD14-4B53-A4C2-7504DCBD6F4D}"
EndProject
Global
	GlobalSection(SolutionConfigurationPlatforms) = preSolution
		Debug|Any CPU = Debug|Any CPU
		Release|Any CPU = Release|Any CPU
	EndGlobalSection
	GlobalSection(ProjectConfigurationPlatforms) = postSolution
		{FF1E855C-DD14-4B53-A4C2-7504DCBD6F4D}.Debug|Any CPU.ActiveCfg = Debug|Any CPU
		{FF1E855C-DD14-4B53-A4C2-7504DCBD6F4D}.Debug|Any CPU.Build.0 = Debug|Any CPU
		{FF1E855C-DD14-4B53-A4C2-7504DCBD6F4D}.Release|Any CPU.ActiveCfg = Release|Any CPU
		{FF1E855C-DD14-4B53-A4C2-7504DCBD6F4D}.Release|Any CPU.Build.0 = Release|Any CPU
	EndGlobalSection
	GlobalSection(SolutionProperties) = preSolution
		HideSolutionNode = FALSE
	EndGlobalSection
	GlobalSection(ExtensibilityGlobals) = postSolution
		SolutionGuid = {A721DC72-6A8B-41EE-9CDB-51C6DD980F13}
	EndGlobalSection
EndGlobal
